
Microsoft Visual Studio Solution File, Format Version 12.00
# Visual Studio Version 16
VisualStudioVersion = 16.0.30225.117
MinimumVisualStudioVersion = 10.0.40219.1
Project("{FAE04EC0-301F-11D3-BF4B-00C04F79EFBC}") = "GrpcService1", "GrpcService1\GrpcService1.csproj", "{65BF4CCA-14CA-4F19-A116-029B2D30F0F7}"
EndProject
Global
	GlobalSection(SolutionConfigurationPlatforms) = preSolution
		Debug|Any CPU = Debug|Any CPU
		Release|Any CPU = Release|Any CPU
	EndGlobalSection
	GlobalSection(ProjectConfigurationPlatforms) = postSolution
		{65BF4CCA-14CA-4F19-A116-029B2D30F0F7}.Debug|Any CPU.ActiveCfg = Debug|Any CPU
		{65BF4CCA-14CA-4F19-A116-029B2D30F0F7}.Debug|Any CPU.Build.0 = Debug|Any CPU
		{65BF4CCA-14CA-4F19-A116-029B2D30F0F7}.Release|Any CPU.ActiveCfg = Release|Any CPU
		{65BF4CCA-14CA-4F19-A116-029B2D30F0F7}.Release|Any CPU.Build.0 = Release|Any CPU
	EndGlobalSection
	GlobalSection(SolutionProperties) = preSolution
		HideSolutionNode = FALSE
	EndGlobalSection
	GlobalSection(ExtensibilityGlobals) = postSolution
		SolutionGuid = {79E65BCE-FA7A-4DF1-AB7C-8ED585171F2B}
	EndGlobalSection
EndGlobal
